Microsoft Visual Studio Solution File, Format Version 12.00
# Visual Studio 2012
Project("{FAE04EC0-301F-11D3-BF4B-00C04F79EFBC}") = "Project in advabced robotics", "Project in advabced robotics.csproj", "{B99AA261-DACD-422C-A6AB-C23870C75A02}"
EndProject
Global
	GlobalSection(SolutionConfigurationPlatforms) = preSolution
	Debug|Any CPU = Debug|Any CPU
	ExportDebug|Any CPU = ExportDebug|Any CPU
	ExportRelease|Any CPU = ExportRelease|Any CPU
	EndGlobalSection
	GlobalSection(ProjectConfigurationPlatforms) = postSolution
		{B99AA261-DACD-422C-A6AB-C23870C75A02}.Debug|Any CPU.ActiveCfg = Debug|Any CPU
		{B99AA261-DACD-422C-A6AB-C23870C75A02}.Debug|Any CPU.Build.0 = Debug|Any CPU
		{B99AA261-DACD-422C-A6AB-C23870C75A02}.ExportDebug|Any CPU.ActiveCfg = ExportDebug|Any CPU
		{B99AA261-DACD-422C-A6AB-C23870C75A02}.ExportDebug|Any CPU.Build.0 = ExportDebug|Any CPU
		{B99AA261-DACD-422C-A6AB-C23870C75A02}.ExportRelease|Any CPU.ActiveCfg = ExportRelease|Any CPU
		{B99AA261-DACD-422C-A6AB-C23870C75A02}.ExportRelease|Any CPU.Build.0 = ExportRelease|Any CPU
	EndGlobalSection
EndGlobal
